
Microsoft Visual Studio Solution File, Format Version 12.00
# Visual Studio Version 17
VisualStudioVersion = 17.2.32630.192
MinimumVisualStudioVersion = 10.0.40219.1
Project("{9A19103F-16F7-4668-BE54-9A1E7A4F7556}") = "APIAssesment", "APIAssesment\APIAssesment.csproj", "{138F8386-9D87-4537-8401-779E6D7A1F74}"
EndProject
Project("{FAE04EC0-301F-11D3-BF4B-00C04F79EFBC}") = "CountryPage", "CountryPage\CountryPage.csproj", "{8F5C8671-78F0-4B3E-9C37-9914C326E264}"
EndProject
Global
	GlobalSection(SolutionConfigurationPlatforms) = preSolution
		Debug|Any CPU = Debug|Any CPU
		Release|Any CPU = Release|Any CPU
	EndGlobalSection
	GlobalSection(ProjectConfigurationPlatforms) = postSolution
		{138F8386-9D87-4537-8401-779E6D7A1F74}.Debug|Any CPU.ActiveCfg = Debug|Any CPU
		{138F8386-9D87-4537-8401-779E6D7A1F74}.Debug|Any CPU.Build.0 = Debug|Any CPU
		{138F8386-9D87-4537-8401-779E6D7A1F74}.Release|Any CPU.ActiveCfg = Release|Any CPU
		{138F8386-9D87-4537-8401-779E6D7A1F74}.Release|Any CPU.Build.0 = Release|Any CPU
		{8F5C8671-78F0-4B3E-9C37-9914C326E264}.Debug|Any CPU.ActiveCfg = Debug|Any CPU
		{8F5C8671-78F0-4B3E-9C37-9914C326E264}.Debug|Any CPU.Build.0 = Debug|Any CPU
		{8F5C8671-78F0-4B3E-9C37-9914C326E264}.Release|Any CPU.ActiveCfg = Release|Any CPU
		{8F5C8671-78F0-4B3E-9C37-9914C326E264}.Release|Any CPU.Build.0 = Release|Any CPU
	EndGlobalSection
	GlobalSection(SolutionProperties) = preSolution
		HideSolutionNode = FALSE
	EndGlobalSection
	GlobalSection(ExtensibilityGlobals) = postSolution
		SolutionGuid = {FC14F5A1-C72F-4D30-A6F2-F9289ABED6EC}
	EndGlobalSection
EndGlobal
